# This file is generated by running "yarn install" inside your project.
# Manual changes might be lost - proceed with caution!

__metadata:
  version: 6
  cacheKey: 8

"next-layouts-experiments@workspace:.":
  version: 0.0.0-use.local
  resolution: "next-layouts-experiments@workspace:."
  dependencies:
    turbo: ^1.4.3
  languageName: unknown
  linkType: soft

"turbo-android-arm64@npm:1.4.3":
  version: 1.4.3
  resolution: "turbo-android-arm64@npm:1.4.3"
  conditions: os=android & cpu=arm64
  languageName: node
  linkType: hard

"turbo-darwin-64@npm:1.4.3":
  version: 1.4.3
  resolution: "turbo-darwin-64@npm:1.4.3"
  conditions: os=darwin & cpu=x64
  languageName: node
  linkType: hard

"turbo-darwin-arm64@npm:1.4.3":
  version: 1.4.3
  resolution: "turbo-darwin-arm64@npm:1.4.3"
  conditions: os=darwin & cpu=arm64
  languageName: node
  linkType: hard

"turbo-freebsd-64@npm:1.4.3":
  version: 1.4.3
  resolution: "turbo-freebsd-64@npm:1.4.3"
  conditions: os=freebsd & cpu=x64
  languageName: node
  linkType: hard

"turbo-freebsd-arm64@npm:1.4.3":
  version: 1.4.3
  resolution: "turbo-freebsd-arm64@npm:1.4.3"
  conditions: os=freebsd & cpu=arm64
  languageName: node
  linkType: hard

"turbo-linux-32@npm:1.4.3":
  version: 1.4.3
  resolution: "turbo-linux-32@npm:1.4.3"
  conditions: os=linux & cpu=ia32
  languageName: node
  linkType: hard

"turbo-linux-64@npm:1.4.3":
  version: 1.4.3
  resolution: "turbo-linux-64@npm:1.4.3"
  conditions: os=linux & cpu=x64
  languageName: node
  linkType: hard

"turbo-linux-arm64@npm:1.4.3":
  version: 1.4.3
  resolution: "turbo-linux-arm64@npm:1.4.3"
  conditions: os=linux & cpu=arm64
  languageName: node
  linkType: hard

"turbo-linux-arm@npm:1.4.3":
  version: 1.4.3
  resolution: "turbo-linux-arm@npm:1.4.3"
  conditions: os=linux & cpu=arm
  languageName: node
  linkType: hard

"turbo-linux-mips64le@npm:1.4.3":
  version: 1.4.3
  resolution: "turbo-linux-mips64le@npm:1.4.3"
  conditions: os=linux & cpu=mipsel
  languageName: node
  linkType: hard

"turbo-linux-ppc64le@npm:1.4.3":
  version: 1.4.3
  resolution: "turbo-linux-ppc64le@npm:1.4.3"
  conditions: os=linux & cpu=ppc64
  languageName: node
  linkType: hard

"turbo-windows-32@npm:1.4.3":
  version: 1.4.3
  resolution: "turbo-windows-32@npm:1.4.3"
  conditions: os=win32 & cpu=ia32
  languageName: node
  linkType: hard

"turbo-windows-64@npm:1.4.3":
  version: 1.4.3
  resolution: "turbo-windows-64@npm:1.4.3"
  conditions: os=win32 & cpu=x64
  languageName: node
  linkType: hard

"turbo-windows-arm64@npm:1.4.3":
  version: 1.4.3
  resolution: "turbo-windows-arm64@npm:1.4.3"
  conditions: os=win32 & cpu=arm64
  languageName: node
  linkType: hard

"turbo@npm:^1.4.3":
  version: 1.4.3
  resolution: "turbo@npm:1.4.3"
  dependencies:
    turbo-android-arm64: 1.4.3
    turbo-darwin-64: 1.4.3
    turbo-darwin-arm64: 1.4.3
    turbo-freebsd-64: 1.4.3
    turbo-freebsd-arm64: 1.4.3
    turbo-linux-32: 1.4.3
    turbo-linux-64: 1.4.3
    turbo-linux-arm: 1.4.3
    turbo-linux-arm64: 1.4.3
    turbo-linux-mips64le: 1.4.3
    turbo-linux-ppc64le: 1.4.3
    turbo-windows-32: 1.4.3
    turbo-windows-64: 1.4.3
    turbo-windows-arm64: 1.4.3
  dependenciesMeta:
    turbo-android-arm64:
      optional: true
    turbo-darwin-64:
      optional: true
    turbo-darwin-arm64:
      optional: true
    turbo-freebsd-64:
      optional: true
    turbo-freebsd-arm64:
      optional: true
    turbo-linux-32:
      optional: true
    turbo-linux-64:
      optional: true
    turbo-linux-arm:
      optional: true
    turbo-linux-arm64:
      optional: true
    turbo-linux-mips64le:
      optional: true
    turbo-linux-ppc64le:
      optional: true
    turbo-windows-32:
      optional: true
    turbo-windows-64:
      optional: true
    turbo-windows-arm64:
      optional: true
  bin:
    turbo: bin/turbo
  checksum: ed4f327bf4bdd152a0842c707c4b7f614c360d610fb079dcf351b2d83490883e62e148f30f46c20b963a2c58286461ce12d7fb284f8526801cc25a97a160177f
  languageName: node
  linkType: hard
